
Microsoft Visual Studio Solution File, Format Version 12.00
# Visual Studio 15
VisualStudioVersion = 15.0.27004.2008
MinimumVisualStudioVersion = 10.0.40219.1
Project("{8BC9CEB8-8B4A-11D0-8D11-00A0C91BC942}") = "pawn-memory", "pawn-memory\pawn-memory.vcxproj", "{26109882-E263-4E4F-99C4-BD7D1F21E14D}"
EndProject
Global
	GlobalSection(SolutionConfigurationPlatforms) = preSolution
		Debug|x86 = Debug|x86
		Release|x86 = Release|x86
	EndGlobalSection
	GlobalSection(ProjectConfigurationPlatforms) = postSolution
		{26109882-E263-4E4F-99C4-BD7D1F21E14D}.Debug|x86.ActiveCfg = Debug|Win32
		{26109882-E263-4E4F-99C4-BD7D1F21E14D}.Debug|x86.Build.0 = Debug|Win32
		{26109882-E263-4E4F-99C4-BD7D1F21E14D}.Release|x86.ActiveCfg = Release|Win32
		{26109882-E263-4E4F-99C4-BD7D1F21E14D}.Release|x86.Build.0 = Release|Win32
	EndGlobalSection
	GlobalSection(SolutionProperties) = preSolution
		HideSolutionNode = FALSE
	EndGlobalSection
	GlobalSection(ExtensibilityGlobals) = postSolution
		SolutionGuid = {68B84D4C-A550-4209-AD7C-EA45F9AC560D}
	EndGlobalSection
EndGlobal
